
Microsoft Visual Studio Solution File, Format Version 12.00
# Visual Studio 2013
VisualStudioVersion = 12.0.40629.0
MinimumVisualStudioVersion = 10.0.40219.1
Project("{2150E333-8FDC-42A3-9474-1A3956D46DE8}") = "Service", "Service", "{67A4133F-2D04-4415-9E44-EFDBEE3B0457}"
EndProject
Project("{2150E333-8FDC-42A3-9474-1A3956D46DE8}") = "API", "API", "{A82DA893-A68F-4874-85F4-6A914830C8F7}"
EndProject
Project("{2150E333-8FDC-42A3-9474-1A3956D46DE8}") = "Business", "Business", "{EC1786FD-CF74-4A12-B56A-4B018B63765F}"
EndProject
Project("{2150E333-8FDC-42A3-9474-1A3956D46DE8}") = "Data", "Data", "{68D08C4F-8D5A-4CB7-AA21-C1924F2E8348}"
EndProject
Project("{2150E333-8FDC-42A3-9474-1A3956D46DE8}") = "Model", "Model", "{E960EB26-F08B-4E3B-8E31-B9A594B6CD66}"
EndProject
Project("{2150E333-8FDC-42A3-9474-1A3956D46DE8}") = "Common", "Common", "{AAC7DF3C-2BF8-4873-A0FB-1016D5C3ABA4}"
EndProject
Project("{FAE04EC0-301F-11D3-BF4B-00C04F79EFBC}") = "NextGenCMS.BL", "NextGenCMS.BL\NextGenCMS.BL.csproj", "{1EAFC4DA-F8E2-45D6-BE1E-EB54B6947A7A}"
EndProject
Project("{FAE04EC0-301F-11D3-BF4B-00C04F79EFBC}") = "NextGenCMS.DL", "NextGenCMS.DL\NextGenCMS.DL.csproj", "{82E4415E-C48E-4B0D-9F33-CD5E6E7C3DEB}"
EndProject
Project("{FAE04EC0-301F-11D3-BF4B-00C04F79EFBC}") = "NextGenCMS.Model", "NextGenCMS.Model\NextGenCMS.Model.csproj", "{4B3F69B5-216C-490A-9F05-B6AE63378799}"
EndProject
Project("{FAE04EC0-301F-11D3-BF4B-00C04F79EFBC}") = "NextGenCMS.API", "NextGenCMS.API\NextGenCMS.API.csproj", "{D58DB420-7AD0-4970-953A-2726367CE902}"
EndProject
Project("{FAE04EC0-301F-11D3-BF4B-00C04F79EFBC}") = "NextGenCMS.ORM", "NextGenCMS.ORM\NextGenCMS.ORM.csproj", "{88651450-AF00-4D99-8D9F-E96C9D97ABD8}"
EndProject
Project("{2150E333-8FDC-42A3-9474-1A3956D46DE8}") = "UI", "UI", "{27B6FD9B-313A-412F-AF99-9BD27D41E6F9}"
EndProject
Project("{FAE04EC0-301F-11D3-BF4B-00C04F79EFBC}") = "NextGenCMS.UI", "NextGenCMS.UI\NextGenCMS.UI.csproj", "{685ADE6A-9EE0-429F-B192-38F9637EDF14}"
EndProject
Project("{FAE04EC0-301F-11D3-BF4B-00C04F79EFBC}") = "NextGenCMS.APIHelper", "NextGenCMS.APIHelper\NextGenCMS.APIHelper.csproj", "{B5F63349-F235-4E7B-9415-BCD82D1DD8DB}"
EndProject
Global
	GlobalSection(SolutionConfigurationPlatforms) = preSolution
		Debug|Any CPU = Debug|Any CPU
		Release|Any CPU = Release|Any CPU
	EndGlobalSection
	GlobalSection(ProjectConfigurationPlatforms) = postSolution
		{1EAFC4DA-F8E2-45D6-BE1E-EB54B6947A7A}.Debug|Any CPU.ActiveCfg = Debug|Any CPU
		{1EAFC4DA-F8E2-45D6-BE1E-EB54B6947A7A}.Debug|Any CPU.Build.0 = Debug|Any CPU
		{1EAFC4DA-F8E2-45D6-BE1E-EB54B6947A7A}.Release|Any CPU.ActiveCfg = Release|Any CPU
		{1EAFC4DA-F8E2-45D6-BE1E-EB54B6947A7A}.Release|Any CPU.Build.0 = Release|Any CPU
		{82E4415E-C48E-4B0D-9F33-CD5E6E7C3DEB}.Debug|Any CPU.ActiveCfg = Debug|Any CPU
		{82E4415E-C48E-4B0D-9F33-CD5E6E7C3DEB}.Debug|Any CPU.Build.0 = Debug|Any CPU
		{82E4415E-C48E-4B0D-9F33-CD5E6E7C3DEB}.Release|Any CPU.ActiveCfg = Release|Any CPU
		{82E4415E-C48E-4B0D-9F33-CD5E6E7C3DEB}.Release|Any CPU.Build.0 = Release|Any CPU
		{4B3F69B5-216C-490A-9F05-B6AE63378799}.Debug|Any CPU.ActiveCfg = Debug|Any CPU
		{4B3F69B5-216C-490A-9F05-B6AE63378799}.Debug|Any CPU.Build.0 = Debug|Any CPU
		{4B3F69B5-216C-490A-9F05-B6AE63378799}.Release|Any CPU.ActiveCfg = Release|Any CPU
		{4B3F69B5-216C-490A-9F05-B6AE63378799}.Release|Any CPU.Build.0 = Release|Any CPU
		{D58DB420-7AD0-4970-953A-2726367CE902}.Debug|Any CPU.ActiveCfg = Debug|Any CPU
		{D58DB420-7AD0-4970-953A-2726367CE902}.Debug|Any CPU.Build.0 = Debug|Any CPU
		{D58DB420-7AD0-4970-953A-2726367CE902}.Release|Any CPU.ActiveCfg = Release|Any CPU
		{D58DB420-7AD0-4970-953A-2726367CE902}.Release|Any CPU.Build.0 = Release|Any CPU
		{88651450-AF00-4D99-8D9F-E96C9D97ABD8}.Debug|Any CPU.ActiveCfg = Debug|Any CPU
		{88651450-AF00-4D99-8D9F-E96C9D97ABD8}.Debug|Any CPU.Build.0 = Debug|Any CPU
		{88651450-AF00-4D99-8D9F-E96C9D97ABD8}.Release|Any CPU.ActiveCfg = Release|Any CPU
		{88651450-AF00-4D99-8D9F-E96C9D97ABD8}.Release|Any CPU.Build.0 = Release|Any CPU
		{685ADE6A-9EE0-429F-B192-38F9637EDF14}.Debug|Any CPU.ActiveCfg = Debug|Any CPU
		{685ADE6A-9EE0-429F-B192-38F9637EDF14}.Debug|Any CPU.Build.0 = Debug|Any CPU
		{685ADE6A-9EE0-429F-B192-38F9637EDF14}.Release|Any CPU.ActiveCfg = Release|Any CPU
		{685ADE6A-9EE0-429F-B192-38F9637EDF14}.Release|Any CPU.Build.0 = Release|Any CPU
		{B5F63349-F235-4E7B-9415-BCD82D1DD8DB}.Debug|Any CPU.ActiveCfg = Debug|Any CPU
		{B5F63349-F235-4E7B-9415-BCD82D1DD8DB}.Debug|Any CPU.Build.0 = Debug|Any CPU
		{B5F63349-F235-4E7B-9415-BCD82D1DD8DB}.Release|Any CPU.ActiveCfg = Release|Any CPU
		{B5F63349-F235-4E7B-9415-BCD82D1DD8DB}.Release|Any CPU.Build.0 = Release|Any CPU
	EndGlobalSection
	GlobalSection(SolutionProperties) = preSolution
		HideSolutionNode = FALSE
	EndGlobalSection
	GlobalSection(NestedProjects) = preSolution
		{A82DA893-A68F-4874-85F4-6A914830C8F7} = {67A4133F-2D04-4415-9E44-EFDBEE3B0457}
		{EC1786FD-CF74-4A12-B56A-4B018B63765F} = {67A4133F-2D04-4415-9E44-EFDBEE3B0457}
		{68D08C4F-8D5A-4CB7-AA21-C1924F2E8348} = {67A4133F-2D04-4415-9E44-EFDBEE3B0457}
		{E960EB26-F08B-4E3B-8E31-B9A594B6CD66} = {67A4133F-2D04-4415-9E44-EFDBEE3B0457}
		{AAC7DF3C-2BF8-4873-A0FB-1016D5C3ABA4} = {67A4133F-2D04-4415-9E44-EFDBEE3B0457}
		{1EAFC4DA-F8E2-45D6-BE1E-EB54B6947A7A} = {EC1786FD-CF74-4A12-B56A-4B018B63765F}
		{82E4415E-C48E-4B0D-9F33-CD5E6E7C3DEB} = {68D08C4F-8D5A-4CB7-AA21-C1924F2E8348}
		{4B3F69B5-216C-490A-9F05-B6AE63378799} = {E960EB26-F08B-4E3B-8E31-B9A594B6CD66}
		{D58DB420-7AD0-4970-953A-2726367CE902} = {A82DA893-A68F-4874-85F4-6A914830C8F7}
		{88651450-AF00-4D99-8D9F-E96C9D97ABD8} = {68D08C4F-8D5A-4CB7-AA21-C1924F2E8348}
		{685ADE6A-9EE0-429F-B192-38F9637EDF14} = {27B6FD9B-313A-412F-AF99-9BD27D41E6F9}
		{B5F63349-F235-4E7B-9415-BCD82D1DD8DB} = {A82DA893-A68F-4874-85F4-6A914830C8F7}
	EndGlobalSection
EndGlobal
